#
# This file is autogenerated by pip-compile with Python 3.12
# by the following command:
#
#    pip-compile --constraint=requirements.lock --extra=dev --no-emit-index-url --no-emit-trusted-host --no-index --output-file=requirements-dev.lock --strip-extras pyproject.toml
#
alembic==1.20.0
    # via
    #   -c requirements.lock
    #   eve-diagnostics (pyproject.toml)
annotated-doc==0.0.5
    # via
    #   -c requirements.lock
    #   fastapi
annotated-types==0.8.0
    # via
    #   -c requirements.lock
    #   pydantic
anyio==4.15.1
    # via
    #   -c requirements.lock
    #   httpx2
    #   starlette
argon2-cffi==25.1.0
    # via
    #   -c requirements.lock
    #   pwdlib
argon2-cffi-bindings==26.1.0
    # via
    #   -c requirements.lock
    #   argon2-cffi
cffi==2.1.1
    # via
    #   -c requirements.lock
    #   argon2-cffi-bindings
click==8.5.0
    # via
    #   -c requirements.lock
    #   uvicorn
colorama==0.4.6
    # via pytest
dnspython==2.8.0
    # via
    #   -c requirements.lock
    #   email-validator
email-validator==2.3.0
    # via
    #   -c requirements.lock
    #   eve-diagnostics (pyproject.toml)
fastapi==0.142.2
    # via
    #   -c requirements.lock
    #   eve-diagnostics (pyproject.toml)
greenlet==3.5.6
    # via
    #   -c requirements.lock
    #   sqlalchemy
h11==0.16.0
    # via
    #   -c requirements.lock
    #   httpcore2
    #   uvicorn
httpcore2==2.13.1
    # via httpx2
httpx2==2.13.1
    # via eve-diagnostics (pyproject.toml)
idna==3.20
    # via
    #   -c requirements.lock
    #   anyio
    #   email-validator
    #   httpx2
iniconfig==2.3.0
    # via pytest
mako==1.4.3
    # via
    #   -c requirements.lock
    #   alembic
markupsafe==3.0.3
    # via
    #   -c requirements.lock
    #   mako
opentelemetry-api==1.45.0
    # via
    #   -c requirements.lock
    #   fastapi
packaging==26.3
    # via pytest
pluggy==1.6.0
    # via pytest
psycopg==3.3.6
    # via
    #   -c requirements.lock
    #   eve-diagnostics (pyproject.toml)
psycopg-binary==3.3.6
    # via
    #   -c requirements.lock
    #   psycopg
pwdlib==0.3.1
    # via
    #   -c requirements.lock
    #   eve-diagnostics (pyproject.toml)
pycparser==3.0
    # via
    #   -c requirements.lock
    #   cffi
pydantic==2.13.5
    # via
    #   -c requirements.lock
    #   fastapi
    #   pydantic-settings
pydantic-core==2.46.5
    # via
    #   -c requirements.lock
    #   pydantic
pydantic-settings==2.15.0
    # via
    #   -c requirements.lock
    #   eve-diagnostics (pyproject.toml)
pygments==2.21.0
    # via pytest
pyjwt==2.15.1
    # via
    #   -c requirements.lock
    #   eve-diagnostics (pyproject.toml)
pytest==9.1.1
    # via eve-diagnostics (pyproject.toml)
python-dotenv==1.2.4
    # via
    #   -c requirements.lock
    #   pydantic-settings
ruff==0.16.10
    # via eve-diagnostics (pyproject.toml)
sqlalchemy==2.0.54
    # via
    #   -c requirements.lock
    #   alembic
    #   eve-diagnostics (pyproject.toml)
starlette==1.7.0
    # via
    #   -c requirements.lock
    #   fastapi
truststore==0.10.4
    # via
    #   httpcore2
    #   httpx2
typing-extensions==4.16.0
    # via
    #   -c requirements.lock
    #   alembic
    #   anyio
    #   fastapi
    #   httpx2
    #   opentelemetry-api
    #   psycopg
    #   pydantic
    #   pydantic-core
    #   sqlalchemy
    #   starlette
    #   typing-inspection
typing-inspection==0.4.4
    # via
    #   -c requirements.lock
    #   fastapi
    #   pydantic
    #   pydantic-settings
tzdata==2026.4
    # via
    #   -c requirements.lock
    #   psycopg
uvicorn==0.54.0
    # via
    #   -c requirements.lock
    #   eve-diagnostics (pyproject.toml)
